
Microsoft Visual Studio Solution File, Format Version 9.00
# Visual Studio 2005
Project("{8BC9CEB8-8B4A-11D0-8D11-00A0C91BC942}") = "GenealogicalTree", "GenealogicalTree.vcproj", "{BEA41153-7E50-40DA-B6C2-8F1BC7BEF544}"
EndProject
Global
	GlobalSection(SolutionConfigurationPlatforms) = preSolution
		Debug|Win32 = Debug|Win32
		Release|Win32 = Release|Win32
	EndGlobalSection
	GlobalSection(ProjectConfigurationPlatforms) = postSolution
		{BEA41153-7E50-40DA-B6C2-8F1BC7BEF544}.Debug|Win32.ActiveCfg = Debug|Win32
		{BEA41153-7E50-40DA-B6C2-8F1BC7BEF544}.Debug|Win32.Build.0 = Debug|Win32
		{BEA41153-7E50-40DA-B6C2-8F1BC7BEF544}.Release|Win32.ActiveCfg = Release|Win32
		{BEA41153-7E50-40DA-B6C2-8F1BC7BEF544}.Release|Win32.Build.0 = Release|Win32
	EndGlobalSection
	GlobalSection(SolutionProperties) = preSolution
		HideSolutionNode = FALSE
	EndGlobalSection
EndGlobal
